
Microsoft Visual Studio Solution File, Format Version 12.00
# Visual Studio Version 17
VisualStudioVersion = 17.14.36310.24
MinimumVisualStudioVersion = 10.0.40219.1
Project("{2150E333-8FDC-42A3-9474-1A3956D46DE8}") = "Solution Items", "Solution Items", "{6DD0F012-026F-4869-829D-CA527B7A3892}"
EndProject
Project("{FAE04EC0-301F-11D3-BF4B-00C04F79EFBC}") = "Calendar.Api", "Calendar\Calendar.Api\Calendar.Api.csproj", "{06C92402-19BE-860B-FF4D-D4E0ECDEBBC5}"
EndProject
Project("{FAE04EC0-301F-11D3-BF4B-00C04F79EFBC}") = "Calendar.Contracts", "Calendar\Calendar.Contracts\Calendar.Contracts.csproj", "{A5E99E85-AF5B-A8C2-0380-57D45003EB69}"
EndProject
Project("{FAE04EC0-301F-11D3-BF4B-00C04F79EFBC}") = "Calendar.DataAccess", "Calendar\Calendar.DataAccess\Calendar.DataAccess.csproj", "{2B41DFE6-6C8A-E026-5450-2925D946902B}"
EndProject
Project("{FAE04EC0-301F-11D3-BF4B-00C04F79EFBC}") = "Calendar.Infrastructure", "Calendar\Calendar.Infrastructure\Calendar.Infrastructure.csproj", "{1122A3F7-E573-8027-D724-E78C60BAF6BE}"
EndProject
Global
	GlobalSection(SolutionConfigurationPlatforms) = preSolution
		Debug|Any CPU = Debug|Any CPU
		Release|Any CPU = Release|Any CPU
	EndGlobalSection
	GlobalSection(ProjectConfigurationPlatforms) = postSolution
		{06C92402-19BE-860B-FF4D-D4E0ECDEBBC5}.Debug|Any CPU.ActiveCfg = Debug|Any CPU
		{06C92402-19BE-860B-FF4D-D4E0ECDEBBC5}.Debug|Any CPU.Build.0 = Debug|Any CPU
		{06C92402-19BE-860B-FF4D-D4E0ECDEBBC5}.Release|Any CPU.ActiveCfg = Release|Any CPU
		{06C92402-19BE-860B-FF4D-D4E0ECDEBBC5}.Release|Any CPU.Build.0 = Release|Any CPU
		{A5E99E85-AF5B-A8C2-0380-57D45003EB69}.Debug|Any CPU.ActiveCfg = Debug|Any CPU
		{A5E99E85-AF5B-A8C2-0380-57D45003EB69}.Debug|Any CPU.Build.0 = Debug|Any CPU
		{A5E99E85-AF5B-A8C2-0380-57D45003EB69}.Release|Any CPU.ActiveCfg = Release|Any CPU
		{A5E99E85-AF5B-A8C2-0380-57D45003EB69}.Release|Any CPU.Build.0 = Release|Any CPU
		{2B41DFE6-6C8A-E026-5450-2925D946902B}.Debug|Any CPU.ActiveCfg = Debug|Any CPU
		{2B41DFE6-6C8A-E026-5450-2925D946902B}.Debug|Any CPU.Build.0 = Debug|Any CPU
		{2B41DFE6-6C8A-E026-5450-2925D946902B}.Release|Any CPU.ActiveCfg = Release|Any CPU
		{2B41DFE6-6C8A-E026-5450-2925D946902B}.Release|Any CPU.Build.0 = Release|Any CPU
		{1122A3F7-E573-8027-D724-E78C60BAF6BE}.Debug|Any CPU.ActiveCfg = Debug|Any CPU
		{1122A3F7-E573-8027-D724-E78C60BAF6BE}.Debug|Any CPU.Build.0 = Debug|Any CPU
		{1122A3F7-E573-8027-D724-E78C60BAF6BE}.Release|Any CPU.ActiveCfg = Release|Any CPU
		{1122A3F7-E573-8027-D724-E78C60BAF6BE}.Release|Any CPU.Build.0 = Release|Any CPU
	EndGlobalSection
	GlobalSection(SolutionProperties) = preSolution
		HideSolutionNode = FALSE
	EndGlobalSection
	GlobalSection(ExtensibilityGlobals) = postSolution
		SolutionGuid = {A9A59548-C97F-4C0F-A895-6A4F145A8807}
	EndGlobalSection
EndGlobal
